<?xml version="1.0" encoding="utf-8"?>
<Project ToolsVersion="4.0" xmlns="http://schemas.microsoft.com/developer/msbuild/2003">
  <ItemGroup>
    <Filter Include="源文件">
      <UniqueIdentifier>{4FC737F1-C7A5-4376-A066-2A32D752A2FF}</UniqueIdentifier>
      <Extensions>cpp;c;cc;cxx;def;odl;idl;hpj;bat;asm;asmx</Extensions>
    </Filter>
    <Filter Include="头文件">
      <UniqueIdentifier>{93995380-89BD-4b04-88EB-625FBE52EBFB}</UniqueIdentifier>
      <Extensions>h;hh;hpp;hxx;hm;inl;inc;xsd</Extensions>
    </Filter>
    <Filter Include="资源文件">
      <UniqueIdentifier>{67DA6AB6-F800-4c08-8B7A-83BB121AAD01}</UniqueIdentifier>
      <Extensions>rc;ico;cur;bmp;dlg;rc2;rct;bin;rgs;gif;jpg;jpeg;jpe;resx;tiff;tif;png;wav;mfcribbon-ms</Extensions>
    </Filter>
  </ItemGroup>
  <ItemGroup>
    <ClCompile Include="main.cpp">
      <Filter>源文件</Filter>
    </ClCompile>
  </ItemGroup>
  <ItemGroup>
    <None Include="bookshelf-p1056.off">
      <Filter>资源文件</Filter>
    </None>
    <None Include="bookshelf-p1058.off">
      <Filter>资源文件</Filter>
    </None>
    <None Include="bookshelf-p1060.off">
      <Filter>资源文件</Filter>
    </None>
    <None Include="bookshelf-p1061.off">
      <Filter>资源文件</Filter>
    </None>
    <None Include="bookshelf-p1062.off">
      <Filter>资源文件</Filter>
    </None>
    <None Include="box-p1630.off">
      <Filter>资源文件</Filter>
    </None>
    <None Include="box-p1635.off">
      <Filter>资源文件</Filter>
    </None>
    <None Include="Chair-112.off">
      <Filter>资源文件</Filter>
    </None>
    <None Include="Chair-118.off">
      <Filter>资源文件</Filter>
    </None>
    <None Include="Cup-21.off">
      <Filter>资源文件</Filter>
    </None>
    <None Include="Cup-35.off">
      <Filter>资源文件</Filter>
    </None>
    <None Include="desk-p974.off">
      <Filter>资源文件</Filter>
    </None>
    <None Include="desk-p977.off">
      <Filter>资源文件</Filter>
    </None>
    <None Include="desk-p984.off">
      <Filter>资源文件</Filter>
    </None>
    <None Include="lamp-p828.off">
      <Filter>资源文件</Filter>
    </None>
    <None Include="lamp-p830.off">
      <Filter>资源文件</Filter>
    </None>
    <None Include="lamp-p831.off">
      <Filter>资源文件</Filter>
    </None>
    <None Include="lamp-p835.off">
      <Filter>资源文件</Filter>
    </None>
    <None Include="piano-p864.off">
      <Filter>资源文件</Filter>
    </None>
    <None Include="piano-p865.off">
      <Filter>资源文件</Filter>
    </None>
    <None Include="sofa-p1039.off">
      <Filter>资源文件</Filter>
    </None>
    <None Include="sofa-p1043.off">
      <Filter>资源文件</Filter>
    </None>
    <None Include="Table-141.off">
      <Filter>资源文件</Filter>
    </None>
    <None Include="Vase-379.off">
      <Filter>资源文件</Filter>
    </None>
    <None Include="boxTrace.off">
      <Filter>资源文件</Filter>
    </None>
    <None Include="CupTrace.off">
      <Filter>资源文件</Filter>
    </None>
  </ItemGroup>
  <ItemGroup>
    <Text Include="debug.txt">
      <Filter>资源文件</Filter>
    </Text>
  </ItemGroup>
</Project>